
Microsoft Visual Studio Solution File, Format Version 12.00
# Visual Studio 15
VisualStudioVersion = 15.0.28307.136
MinimumVisualStudioVersion = 10.0.40219.1
Project("{9A19103F-16F7-4668-BE54-9A1E7A4F7556}") = "PoC.Api", "PocDemo\PoC.Api.csproj", "{50E26A84-369E-4C16-A085-018F9C7A52DC}"
	ProjectSection(ProjectDependencies) = postProject
		{5240A238-599C-41CC-87D4-07242B0D18E8} = {5240A238-599C-41CC-87D4-07242B0D18E8}
	EndProjectSection
EndProject
Project("{FAE04EC0-301F-11D3-BF4B-00C04F79EFBC}") = "PoC.Data", "PoC.Data\PoC.Data.csproj", "{5240A238-599C-41CC-87D4-07242B0D18E8}"
EndProject
Global
	GlobalSection(SolutionConfigurationPlatforms) = preSolution
		Debug|Any CPU = Debug|Any CPU
		Release|Any CPU = Release|Any CPU
	EndGlobalSection
	GlobalSection(ProjectConfigurationPlatforms) = postSolution
		{50E26A84-369E-4C16-A085-018F9C7A52DC}.Debug|Any CPU.ActiveCfg = Debug|Any CPU
		{50E26A84-369E-4C16-A085-018F9C7A52DC}.Debug|Any CPU.Build.0 = Debug|Any CPU
		{50E26A84-369E-4C16-A085-018F9C7A52DC}.Release|Any CPU.ActiveCfg = Release|Any CPU
		{50E26A84-369E-4C16-A085-018F9C7A52DC}.Release|Any CPU.Build.0 = Release|Any CPU
		{5240A238-599C-41CC-87D4-07242B0D18E8}.Debug|Any CPU.ActiveCfg = Debug|Any CPU
		{5240A238-599C-41CC-87D4-07242B0D18E8}.Debug|Any CPU.Build.0 = Debug|Any CPU
		{5240A238-599C-41CC-87D4-07242B0D18E8}.Release|Any CPU.ActiveCfg = Release|Any CPU
		{5240A238-599C-41CC-87D4-07242B0D18E8}.Release|Any CPU.Build.0 = Release|Any CPU
	EndGlobalSection
	GlobalSection(SolutionProperties) = preSolution
		HideSolutionNode = FALSE
	EndGlobalSection
	GlobalSection(ExtensibilityGlobals) = postSolution
		SolutionGuid = {DA47F756-95C8-4EEF-B1D1-7D1DE46C830B}
	EndGlobalSection
EndGlobal
