
Microsoft Visual Studio Solution File, Format Version 12.00
# Visual Studio 15
VisualStudioVersion = 15.0.28307.136
MinimumVisualStudioVersion = 10.0.40219.1
Project("{FAE04EC0-301F-11D3-BF4B-00C04F79EFBC}") = "Lbs.MessageGenerator", "Lbs.MessageGenerator\Lbs.MessageGenerator.csproj", "{8BB9ACC7-7775-4F55-9EB8-25FB965D0E11}"
EndProject
Project("{FAE04EC0-301F-11D3-BF4B-00C04F79EFBC}") = "Lbs.Tcp", "Lbs.Tcp\Lbs.Tcp.csproj", "{FCF5CCF2-82B5-4A1A-A8D2-9E377B47C283}"
EndProject
Global
	GlobalSection(SolutionConfigurationPlatforms) = preSolution
		Debug|Any CPU = Debug|Any CPU
		Release|Any CPU = Release|Any CPU
	EndGlobalSection
	GlobalSection(ProjectConfigurationPlatforms) = postSolution
		{8BB9ACC7-7775-4F55-9EB8-25FB965D0E11}.Debug|Any CPU.ActiveCfg = Debug|Any CPU
		{8BB9ACC7-7775-4F55-9EB8-25FB965D0E11}.Debug|Any CPU.Build.0 = Debug|Any CPU
		{8BB9ACC7-7775-4F55-9EB8-25FB965D0E11}.Release|Any CPU.ActiveCfg = Release|Any CPU
		{8BB9ACC7-7775-4F55-9EB8-25FB965D0E11}.Release|Any CPU.Build.0 = Release|Any CPU
		{FCF5CCF2-82B5-4A1A-A8D2-9E377B47C283}.Debug|Any CPU.ActiveCfg = Debug|Any CPU
		{FCF5CCF2-82B5-4A1A-A8D2-9E377B47C283}.Debug|Any CPU.Build.0 = Debug|Any CPU
		{FCF5CCF2-82B5-4A1A-A8D2-9E377B47C283}.Release|Any CPU.ActiveCfg = Release|Any CPU
		{FCF5CCF2-82B5-4A1A-A8D2-9E377B47C283}.Release|Any CPU.Build.0 = Release|Any CPU
	EndGlobalSection
	GlobalSection(SolutionProperties) = preSolution
		HideSolutionNode = FALSE
	EndGlobalSection
	GlobalSection(ExtensibilityGlobals) = postSolution
		SolutionGuid = {19B94DC2-BB8D-438B-AF03-DCFDA600D776}
	EndGlobalSection
EndGlobal
