
Microsoft Visual Studio Solution File, Format Version 12.00
# Visual Studio 15
VisualStudioVersion = 15.0.28307.136
MinimumVisualStudioVersion = 10.0.40219.1
Project("{FAE04EC0-301F-11D3-BF4B-00C04F79EFBC}") = "SignalR-Hub", "SignalR-Hub\SignalR-Hub.csproj", "{68CA98D1-1655-49A3-A1FB-6D2FE398BD16}"
EndProject
Global
	GlobalSection(SolutionConfigurationPlatforms) = preSolution
		Debug|Any CPU = Debug|Any CPU
		Release|Any CPU = Release|Any CPU
	EndGlobalSection
	GlobalSection(ProjectConfigurationPlatforms) = postSolution
		{68CA98D1-1655-49A3-A1FB-6D2FE398BD16}.Debug|Any CPU.ActiveCfg = Debug|Any CPU
		{68CA98D1-1655-49A3-A1FB-6D2FE398BD16}.Debug|Any CPU.Build.0 = Debug|Any CPU
		{68CA98D1-1655-49A3-A1FB-6D2FE398BD16}.Release|Any CPU.ActiveCfg = Release|Any CPU
		{68CA98D1-1655-49A3-A1FB-6D2FE398BD16}.Release|Any CPU.Build.0 = Release|Any CPU
	EndGlobalSection
	GlobalSection(SolutionProperties) = preSolution
		HideSolutionNode = FALSE
	EndGlobalSection
	GlobalSection(ExtensibilityGlobals) = postSolution
		SolutionGuid = {E9819F31-5B77-4D07-ABF4-8A82287684AA}
	EndGlobalSection
EndGlobal
